
Microsoft Visual Studio Solution File, Format Version 12.00
# Visual Studio Version 16
VisualStudioVersion = 16.0.32901.82
MinimumVisualStudioVersion = 10.0.40219.1
Project("{8BC9CEB8-8B4A-11D0-8D11-00A0C91BC942}") = "Project1", "Project1\Project1.vcxproj", "{0AE04F2E-5C10-4ABC-B437-E2E8A1A2F8EA}"
EndProject
Global
	GlobalSection(SolutionConfigurationPlatforms) = preSolution
		Debug|x64 = Debug|x64
		Debug|x86 = Debug|x86
		Release|x64 = Release|x64
		Release|x86 = Release|x86
	EndGlobalSection
	GlobalSection(ProjectConfigurationPlatforms) = postSolution
		{0AE04F2E-5C10-4ABC-B437-E2E8A1A2F8EA}.Debug|x64.ActiveCfg = Debug|x64
		{0AE04F2E-5C10-4ABC-B437-E2E8A1A2F8EA}.Debug|x64.Build.0 = Debug|x64
		{0AE04F2E-5C10-4ABC-B437-E2E8A1A2F8EA}.Debug|x86.ActiveCfg = Debug|Win32
		{0AE04F2E-5C10-4ABC-B437-E2E8A1A2F8EA}.Debug|x86.Build.0 = Debug|Win32
		{0AE04F2E-5C10-4ABC-B437-E2E8A1A2F8EA}.Release|x64.ActiveCfg = Release|x64
		{0AE04F2E-5C10-4ABC-B437-E2E8A1A2F8EA}.Release|x64.Build.0 = Release|x64
		{0AE04F2E-5C10-4ABC-B437-E2E8A1A2F8EA}.Release|x86.ActiveCfg = Release|Win32
		{0AE04F2E-5C10-4ABC-B437-E2E8A1A2F8EA}.Release|x86.Build.0 = Release|Win32
	EndGlobalSection
	GlobalSection(SolutionProperties) = preSolution
		HideSolutionNode = FALSE
	EndGlobalSection
	GlobalSection(ExtensibilityGlobals) = postSolution
		SolutionGuid = {EB2F07DC-0423-4C45-B8FA-86D4B501C31B}
	EndGlobalSection
EndGlobal
