
Microsoft Visual Studio Solution File, Format Version 12.00
# Visual Studio Version 16
VisualStudioVersion = 16.0.32630.194
MinimumVisualStudioVersion = 10.0.40219.1
Project("{8BC9CEB8-8B4A-11D0-8D11-00A0C91BC942}") = "0924", "0924\0924.vcxproj", "{65CE5B0B-EEB4-4DEB-AC57-FD0FD0CC49C8}"
EndProject
Global
	GlobalSection(SolutionConfigurationPlatforms) = preSolution
		Debug|x64 = Debug|x64
		Debug|x86 = Debug|x86
		Release|x64 = Release|x64
		Release|x86 = Release|x86
	EndGlobalSection
	GlobalSection(ProjectConfigurationPlatforms) = postSolution
		{65CE5B0B-EEB4-4DEB-AC57-FD0FD0CC49C8}.Debug|x64.ActiveCfg = Debug|x64
		{65CE5B0B-EEB4-4DEB-AC57-FD0FD0CC49C8}.Debug|x64.Build.0 = Debug|x64
		{65CE5B0B-EEB4-4DEB-AC57-FD0FD0CC49C8}.Debug|x86.ActiveCfg = Debug|Win32
		{65CE5B0B-EEB4-4DEB-AC57-FD0FD0CC49C8}.Debug|x86.Build.0 = Debug|Win32
		{65CE5B0B-EEB4-4DEB-AC57-FD0FD0CC49C8}.Release|x64.ActiveCfg = Release|x64
		{65CE5B0B-EEB4-4DEB-AC57-FD0FD0CC49C8}.Release|x64.Build.0 = Release|x64
		{65CE5B0B-EEB4-4DEB-AC57-FD0FD0CC49C8}.Release|x86.ActiveCfg = Release|Win32
		{65CE5B0B-EEB4-4DEB-AC57-FD0FD0CC49C8}.Release|x86.Build.0 = Release|Win32
	EndGlobalSection
	GlobalSection(SolutionProperties) = preSolution
		HideSolutionNode = FALSE
	EndGlobalSection
	GlobalSection(ExtensibilityGlobals) = postSolution
		SolutionGuid = {AE4586D0-9C0D-44C4-83BB-3EA2CB1F5836}
	EndGlobalSection
EndGlobal
